// !$*UTF8*$!
{
	archiveVersion = 1;
	classes = {
	};
	objectVersion = 77;
	objects = {

/* Begin PBXContainerItemProxy section */
		85ABEFB22DF052BA00589C0D /* PBXContainerItemProxy */ = {
			isa = PBXContainerItemProxy;
			containerPortal = 85ABEF9C2DF052B600589C0D /* Project object */;
			proxyType = 1;
			remoteGlobalIDString = 85ABEFA32DF052B600589C0D;
			remoteInfo = ConjuGatoTestProject;
		};
		85ABEFBC2DF052BA00589C0D /* PBXContainerItemProxy */ = {
			isa = PBXContainerItemProxy;
			containerPortal = 85ABEF9C2DF052B600589C0D /* Project object */;
			proxyType = 1;
			remoteGlobalIDString = 85ABEFA32DF052B600589C0D;
			remoteInfo = ConjuGatoTestProject;
		};
/* End PBXContainerItemProxy section */

/* Begin PBXFileReference section */
		85ABEFA42DF052B600589C0D /* ConjuGatoTestProject.app */ = {isa = PBXFileReference; explicitFileType = wrapper.application; includeInIndex = 0; path = ConjuGatoTestProject.app; sourceTree = BUILT_PRODUCTS_DIR; };
		85ABEFB12DF052BA00589C0D /* ConjuGatoTestProjectTests.xctest */ = {isa = PBXFileReference; explicitFileType = wrapper.cfbundle; includeInIndex = 0; path = ConjuGatoTestProjectTests.xctest; sourceTree = BUILT_PRODUCTS_DIR; };
		85ABEFBB2DF052BA00589C0D /* ConjuGatoTestProjectUITests.xctest */ = {isa = PBXFileReference; explicitFileType = wrapper.cfbundle; includeInIndex = 0; path = ConjuGatoTestProjectUITests.xctest; sourceTree = BUILT_PRODUCTS_DIR; };
/* End PBXFileReference section */

/* Begin PBXFileSystemSynchronizedRootGroup section */
		85ABEFA62DF052B600589C0D /* ConjuGatoTestProject */ = {
			isa = PBXFileSystemSynchronizedRootGroup;
			path = ConjuGatoTestProject;
			sourceTree = "<group>";
		};
		85ABEFB42DF052BA00589C0D /* ConjuGatoTestProjectTests */ = {
			isa = PBXFileSystemSynchronizedRootGroup;
			path = ConjuGatoTestProjectTests;
			sourceTree = "<group>";
		};
		85ABEFBE2DF052BA00589C0D /* ConjuGatoTestProjectUITests */ = {
			isa = PBXFileSystemSynchronizedRootGroup;
			path = ConjuGatoTestProjectUITests;
			sourceTree = "<group>";
		};
/* End PBXFileSystemSynchronizedRootGroup section */

/* Begin PBXFrameworksBuildPhase section */
		85ABEFA12DF052B600589C0D /* Frameworks */ = {
			isa = PBXFrameworksBuildPhase;
			buildActionMask = 2147483647;
			files = (
			);
			runOnlyForDeploymentPostprocessing = 0;
		};
		85ABEFAE2DF052BA00589C0D /* Frameworks */ = {
			isa = PBXFrameworksBuildPhase;
			buildActionMask = 2147483647;
			files = (
			);
			runOnlyForDeploymentPostprocessing = 0;
		};
		85ABEFB82DF052BA00589C0D /* Frameworks */ = {
			isa = PBXFrameworksBuildPhase;
			buildActionMask = 2147483647;
			files = (
			);
			runOnlyForDeploymentPostprocessing = 0;
		};
/* End PBXFrameworksBuildPhase section */

/* Begin PBXGroup section */
		85ABEF9B2DF052B600589C0D = {
			isa = PBXGroup;
			children = (
				85ABEFA62DF052B600589C0D /* ConjuGatoTestProject */,
				85ABEFB42DF052BA00589C0D /* ConjuGatoTestProjectTests */,
				85ABEFBE2DF052BA00589C0D /* ConjuGatoTestProjectUITests */,
				85ABEFA52DF052B600589C0D /* Products */,
			);
			sourceTree = "<group>";
		};
		85ABEFA52DF052B600589C0D /* Products */ = {
			isa = PBXGroup;
			children = (
				85ABEFA42DF052B600589C0D /* ConjuGatoTestProject.app */,
				85ABEFB12DF052BA00589C0D /* ConjuGatoTestProjectTests.xctest */,
				85ABEFBB2DF052BA00589C0D /* ConjuGatoTestProjectUITests.xctest */,
			);
			name = Products;
			sourceTree = "<group>";
		};
/* End PBXGroup section */

/* Begin PBXNativeTarget section */
		85ABEFA32DF052B600589C0D /* ConjuGatoTestProject */ = {
			isa = PBXNativeTarget;
			buildConfigurationList = 85ABEFC52DF052BA00589C0D /* Build configuration list for PBXNativeTarget "ConjuGatoTestProject" */;
			buildPhases = (
				85ABEFA02DF052B600589C0D /* Sources */,
				85ABEFA12DF052B600589C0D /* Frameworks */,
				85ABEFA22DF052B600589C0D /* Resources */,
			);
			buildRules = (
			);
			dependencies = (
			);
			fileSystemSynchronizedGroups = (
				85ABEFA62DF052B600589C0D /* ConjuGatoTestProject */,
			);
			name = ConjuGatoTestProject;
			packageProductDependencies = (
			);
			productName = ConjuGatoTestProject;
			productReference = 85ABEFA42DF052B600589C0D /* ConjuGatoTestProject.app */;
			productType = "com.apple.product-type.application";
		};
		85ABEFB02DF052BA00589C0D /* ConjuGatoTestProjectTests */ = {
			isa = PBXNativeTarget;
			buildConfigurationList = 85ABEFC82DF052BA00589C0D /* Build configuration list for PBXNativeTarget "ConjuGatoTestProjectTests" */;
			buildPhases = (
				85ABEFAD2DF052BA00589C0D /* Sources */,
				85ABEFAE2DF052BA00589C0D /* Frameworks */,
				85ABEFAF2DF052BA00589C0D /* Resources */,
			);
			buildRules = (
			);
			dependencies = (
				85ABEFB32DF052BA00589C0D /* PBXTargetDependency */,
			);
			fileSystemSynchronizedGroups = (
				85ABEFB42DF052BA00589C0D /* ConjuGatoTestProjectTests */,
			);
			name = ConjuGatoTestProjectTests;
			packageProductDependencies = (
			);
			productName = ConjuGatoTestProjectTests;
			productReference = 85ABEFB12DF052BA00589C0D /* ConjuGatoTestProjectTests.xctest */;
			productType = "com.apple.product-type.bundle.unit-test";
		};
		85ABEFBA2DF052BA00589C0D /* ConjuGatoTestProjectUITests */ = {
			isa = PBXNativeTarget;
			buildConfigurationList = 85ABEFCB2DF052BA00589C0D /* Build configuration list for PBXNativeTarget "ConjuGatoTestProjectUITests" */;
			buildPhases = (
				85ABEFB72DF052BA00589C0D /* Sources */,
				85ABEFB82DF052BA00589C0D /* Frameworks */,
				85ABEFB92DF052BA00589C0D /* Resources */,
			);
			buildRules = (
			);
			dependencies = (
				85ABEFBD2DF052BA00589C0D /* PBXTargetDependency */,
			);
			fileSystemSynchronizedGroups = (
				85ABEFBE2DF052BA00589C0D /* ConjuGatoTestProjectUITests */,
			);
			name = ConjuGatoTestProjectUITests;
			packageProductDependencies = (
			);
			productName = ConjuGatoTestProjectUITests;
			productReference = 85ABEFBB2DF052BA00589C0D /* ConjuGatoTestProjectUITests.xctest */;
			productType = "com.apple.product-type.bundle.ui-testing";
		};
/* End PBXNativeTarget section */

/* Begin PBXProject section */
		85ABEF9C2DF052B600589C0D /* Project object */ = {
			isa = PBXProject;
			attributes = {
				BuildIndependentTargetsInParallel = 1;
				LastSwiftUpdateCheck = 1640;
				LastUpgradeCheck = 1640;
				TargetAttributes = {
					85ABEFA32DF052B600589C0D = {
						CreatedOnToolsVersion = 16.4;
					};
					85ABEFB02DF052BA00589C0D = {
						CreatedOnToolsVersion = 16.4;
						TestTargetID = 85ABEFA32DF052B600589C0D;
					};
					85ABEFBA2DF052BA00589C0D = {
						CreatedOnToolsVersion = 16.4;
						TestTargetID = 85ABEFA32DF052B600589C0D;
					};
				};
			};
			buildConfigurationList = 85ABEF9F2DF052B600589C0D /* Build configuration list for PBXProject "ConjuGatoTestProject" */;
			developmentRegion = en;
			hasScannedForEncodings = 0;
			knownRegions = (
				en,
				Base,
			);
			mainGroup = 85ABEF9B2DF052B600589C0D;
			minimizedProjectReferenceProxies = 1;
			preferredProjectObjectVersion = 77;
			productRefGroup = 85ABEFA52DF052B600589C0D /* Products */;
			projectDirPath = "";
			projectRoot = "";
			targets = (
				85ABEFA32DF052B600589C0D /* ConjuGatoTestProject */,
				85ABEFB02DF052BA00589C0D /* ConjuGatoTestProjectTests */,
				85ABEFBA2DF052BA00589C0D /* ConjuGatoTestProjectUITests */,
			);
		};
/* End PBXProject section */

/* Begin PBXResourcesBuildPhase section */
		85ABEFA22DF052B600589C0D /* Resources */ = {
			isa = PBXResourcesBuildPhase;
			buildActionMask = 2147483647;
			files = (
			);
			runOnlyForDeploymentPostprocessing = 0;
		};
		85ABEFAF2DF052BA00589C0D /* Resources */ = {
			isa = PBXResourcesBuildPhase;
			buildActionMask = 2147483647;
			files = (
			);
			runOnlyForDeploymentPostprocessing = 0;
		};
		85ABEFB92DF052BA00589C0D /* Resources */ = {
			isa = PBXResourcesBuildPhase;
			buildActionMask = 2147483647;
			files = (
			);
			runOnlyForDeploymentPostprocessing = 0;
		};
/* End PBXResourcesBuildPhase section */

/* Begin PBXSourcesBuildPhase section */
		85ABEFA02DF052B600589C0D /* Sources */ = {
			isa = PBXSourcesBuildPhase;
			buildActionMask = 2147483647;
			files = (
			);
			runOnlyForDeploymentPostprocessing = 0;
		};
		85ABEFAD2DF052BA00589C0D /* Sources */ = {
			isa = PBXSourcesBuildPhase;
			buildActionMask = 2147483647;
			files = (
			);
			runOnlyForDeploymentPostprocessing = 0;
		};
		85ABEFB72DF052BA00589C0D /* Sources */ = {
			isa = PBXSourcesBuildPhase;
			buildActionMask = 2147483647;
			files = (
			);
			runOnlyForDeploymentPostprocessing = 0;
		};
/* End PBXSourcesBuildPhase section */

/* Begin PBXTargetDependency section */
		85ABEFB32DF052BA00589C0D /* PBXTargetDependency */ = {
			isa = PBXTargetDependency;
			target = 85ABEFA32DF052B600589C0D /* ConjuGatoTestProject */;
			targetProxy = 85ABEFB22DF052BA00589C0D /* PBXContainerItemProxy */;
		};
		85ABEFBD2DF052BA00589C0D /* PBXTargetDependency */ = {
			isa = PBXTargetDependency;
			target = 85ABEFA32DF052B600589C0D /* ConjuGatoTestProject */;
			targetProxy = 85ABEFBC2DF052BA00589C0D /* PBXContainerItemProxy */;
		};
/* End PBXTargetDependency section */

/* Begin XCBuildConfiguration section */
		85ABEFC32DF052BA00589C0D /* Debug */ = {
			isa = XCBuildConfiguration;
			buildSettings = {
				ALWAYS_SEARCH_USER_PATHS = NO;
				ASSETCATALOG_COMPILER_GENERATE_SWIFT_ASSET_SYMBOL_EXTENSIONS = YES;
				CLANG_ANALYZER_NONNULL = YES;
				CLANG_ANALYZER_NUMBER_OBJECT_CONVERSION = YES_AGGRESSIVE;
				CLANG_CXX_LANGUAGE_STANDARD = "gnu++20";
				CLANG_ENABLE_MODULES = YES;
				CLANG_ENABLE_OBJC_ARC = YES;
				CLANG_ENABLE_OBJC_WEAK = YES;
				CLANG_WARN_BLOCK_CAPTURE_AUTORELEASING = YES;
				CLANG_WARN_BOOL_CONVERSION = YES;
				CLANG_WARN_COMMA = YES;
				CLANG_WARN_CONSTANT_CONVERSION = YES;
				CLANG_WARN_DEPRECATED_OBJC_IMPLEMENTATIONS = YES;
				CLANG_WARN_DIRECT_OBJC_ISA_USAGE = YES_ERROR;
				CLANG_WARN_DOCUMENTATION_COMMENTS = YES;
				CLANG_WARN_EMPTY_BODY = YES;
				CLANG_WARN_ENUM_CONVERSION = YES;
				CLANG_WARN_INFINITE_RECURSION = YES;
				CLANG_WARN_INT_CONVERSION = YES;
				CLANG_WARN_NON_LITERAL_NULL_CONVERSION = YES;
				CLANG_WARN_OBJC_IMPLICIT_RETAIN_SELF = YES;
				CLANG_WARN_OBJC_LITERAL_CONVERSION = YES;
				CLANG_WARN_OBJC_ROOT_CLASS = YES_ERROR;
				CLANG_WARN_QUOTED_INCLUDE_IN_FRAMEWORK_HEADER = YES;
				CLANG_WARN_RANGE_LOOP_ANALYSIS = YES;
				CLANG_WARN_STRICT_PROTOTYPES = YES;
				CLANG_WARN_SUSPICIOUS_MOVE = YES;
				CLANG_WARN_UNGUARDED_AVAILABILITY = YES_AGGRESSIVE;
				CLANG_WARN_UNREACHABLE_CODE = YES;
				CLANG_WARN__DUPLICATE_METHOD_MATCH = YES;
				COPY_PHASE_STRIP = NO;
				DEBUG_INFORMATION_FORMAT = dwarf;
				DEVELOPMENT_TEAM = R26H39877H;
				ENABLE_STRICT_OBJC_MSGSEND = YES;
				ENABLE_TESTABILITY = YES;
				ENABLE_USER_SCRIPT_SANDBOXING = YES;
				GCC_C_LANGUAGE_STANDARD = gnu17;
				GCC_DYNAMIC_NO_PIC = NO;
				GCC_NO_COMMON_BLOCKS = YES;
				GCC_OPTIMIZATION_LEVEL = 0;
				GCC_PREPROCESSOR_DEFINITIONS = (
					"DEBUG=1",
					"$(inherited)",
				);
				GCC_WARN_64_TO_32_BIT_CONVERSION = YES;
				GCC_WARN_ABOUT_RETURN_TYPE = YES_ERROR;
				GCC_WARN_UNDECLARED_SELECTOR = YES;
				GCC_WARN_UNINITIALIZED_AUTOS = YES_AGGRESSIVE;
				GCC_WARN_UNUSED_FUNCTION = YES;
				GCC_WARN_UNUSED_VARIABLE = YES;
				IPHONEOS_DEPLOYMENT_TARGET = 18.5;
				LOCALIZATION_PREFERS_STRING_CATALOGS = YES;
				MTL_ENABLE_DEBUG_INFO = INCLUDE_SOURCE;
				MTL_FAST_MATH = YES;
				ONLY_ACTIVE_ARCH = YES;
				SDKROOT = iphoneos;
				SWIFT_ACTIVE_COMPILATION_CONDITIONS = "DEBUG $(inherited)";
				SWIFT_OPTIMIZATION_LEVEL = "-Onone";
			};
			name = Debug;
		};
		85ABEFC42DF052BA00589C0D /* Release */ = {
			isa = XCBuildConfiguration;
			buildSettings = {
				ALWAYS_SEARCH_USER_PATHS = NO;
				ASSETCATALOG_COMPILER_GENERATE_SWIFT_ASSET_SYMBOL_EXTENSIONS = YES;
				CLANG_ANALYZER_NONNULL = YES;
				CLANG_ANALYZER_NUMBER_OBJECT_CONVERSION = YES_AGGRESSIVE;
				CLANG_CXX_LANGUAGE_STANDARD = "gnu++20";
				CLANG_ENABLE_MODULES = YES;
				CLANG_ENABLE_OBJC_ARC = YES;
				CLANG_ENABLE_OBJC_WEAK = YES;
				CLANG_WARN_BLOCK_CAPTURE_AUTORELEASING = YES;
				CLANG_WARN_BOOL_CONVERSION = YES;
				CLANG_WARN_COMMA = YES;
				CLANG_WARN_CONSTANT_CONVERSION = YES;
				CLANG_WARN_DEPRECATED_OBJC_IMPLEMENTATIONS = YES;
				CLANG_WARN_DIRECT_OBJC_ISA_USAGE = YES_ERROR;
				CLANG_WARN_DOCUMENTATION_COMMENTS = YES;
				CLANG_WARN_EMPTY_BODY = YES;
				CLANG_WARN_ENUM_CONVERSION = YES;
				CLANG_WARN_INFINITE_RECURSION = YES;
				CLANG_WARN_INT_CONVERSION = YES;
				CLANG_WARN_NON_LITERAL_NULL_CONVERSION = YES;
				CLANG_WARN_OBJC_IMPLICIT_RETAIN_SELF = YES;
				CLANG_WARN_OBJC_LITERAL_CONVERSION = YES;
				CLANG_WARN_OBJC_ROOT_CLASS = YES_ERROR;
				CLANG_WARN_QUOTED_INCLUDE_IN_FRAMEWORK_HEADER = YES;
				CLANG_WARN_RANGE_LOOP_ANALYSIS = YES;
				CLANG_WARN_STRICT_PROTOTYPES = YES;
				CLANG_WARN_SUSPICIOUS_MOVE = YES;
				CLANG_WARN_UNGUARDED_AVAILABILITY = YES_AGGRESSIVE;
				CLANG_WARN_UNREACHABLE_CODE = YES;
				CLANG_WARN__DUPLICATE_METHOD_MATCH = YES;
				COPY_PHASE_STRIP = NO;
				DEBUG_INFORMATION_FORMAT = "dwarf-with-dsym";
				DEVELOPMENT_TEAM = R26H39877H;
				ENABLE_NS_ASSERTIONS = NO;
				ENABLE_STRICT_OBJC_MSGSEND = YES;
				ENABLE_USER_SCRIPT_SANDBOXING = YES;
				GCC_C_LANGUAGE_STANDARD = gnu17;
				GCC_NO_COMMON_BLOCKS = YES;
				GCC_WARN_64_TO_32_BIT_CONVERSION = YES;
				GCC_WARN_ABOUT_RETURN_TYPE = YES_ERROR;
				GCC_WARN_UNDECLARED_SELECTOR = YES;
				GCC_WARN_UNINITIALIZED_AUTOS = YES_AGGRESSIVE;
				GCC_WARN_UNUSED_FUNCTION = YES;
				GCC_WARN_UNUSED_VARIABLE = YES;
				IPHONEOS_DEPLOYMENT_TARGET = 18.5;
				LOCALIZATION_PREFERS_STRING_CATALOGS = YES;
				MTL_ENABLE_DEBUG_INFO = NO;
				MTL_FAST_MATH = YES;
				SDKROOT = iphoneos;
				SWIFT_COMPILATION_MODE = wholemodule;
				VALIDATE_PRODUCT = YES;
			};
			name = Release;
		};
		85ABEFC62DF052BA00589C0D /* Debug */ = {
			isa = XCBuildConfiguration;
			buildSettings = {
				ASSETCATALOG_COMPILER_APPICON_NAME = AppIcon;
				ASSETCATALOG_COMPILER_GLOBAL_ACCENT_COLOR_NAME = AccentColor;
				CODE_SIGN_STYLE = Automatic;
				CURRENT_PROJECT_VERSION = 1;
				DEVELOPMENT_TEAM = R26H39877H;
				ENABLE_PREVIEWS = YES;
				GENERATE_INFOPLIST_FILE = YES;
				INFOPLIST_KEY_UIApplicationSceneManifest_Generation = YES;
				INFOPLIST_KEY_UIApplicationSupportsIndirectInputEvents = YES;
				INFOPLIST_KEY_UILaunchScreen_Generation = YES;
				INFOPLIST_KEY_UISupportedInterfaceOrientations_iPad = "UIInterfaceOrientationPortrait UIInterfaceOrientationPortraitUpsideDown UIInterfaceOrientationLandscapeLeft UIInterfaceOrientationLandscapeRight";
				INFOPLIST_KEY_UISupportedInterfaceOrientations_iPhone = "UIInterfaceOrientationPortrait UIInterfaceOrientationLandscapeLeft UIInterfaceOrientationLandscapeRight";
				LD_RUNPATH_SEARCH_PATHS = (
					"$(inherited)",
					"@executable_path/Frameworks",
				);
				MARKETING_VERSION = 1.0;
				PRODUCT_BUNDLE_IDENTIFIER = com.natalyaZherlova.ConjuGatoTestProject;
				PRODUCT_NAME = "$(TARGET_NAME)";
				SWIFT_EMIT_LOC_STRINGS = YES;
				SWIFT_VERSION = 5.0;
				TARGETED_DEVICE_FAMILY = "1,2";
			};
			name = Debug;
		};
		85ABEFC72DF052BA00589C0D /* Release */ = {
			isa = XCBuildConfiguration;
			buildSettings = {
				ASSETCATALOG_COMPILER_APPICON_NAME = AppIcon;
				ASSETCATALOG_COMPILER_GLOBAL_ACCENT_COLOR_NAME = AccentColor;
				CODE_SIGN_STYLE = Automatic;
				CURRENT_PROJECT_VERSION = 1;
				DEVELOPMENT_TEAM = R26H39877H;
				ENABLE_PREVIEWS = YES;
				GENERATE_INFOPLIST_FILE = YES;
				INFOPLIST_KEY_UIApplicationSceneManifest_Generation = YES;
				INFOPLIST_KEY_UIApplicationSupportsIndirectInputEvents = YES;
				INFOPLIST_KEY_UILaunchScreen_Generation = YES;
				INFOPLIST_KEY_UISupportedInterfaceOrientations_iPad = "UIInterfaceOrientationPortrait UIInterfaceOrientationPortraitUpsideDown UIInterfaceOrientationLandscapeLeft UIInterfaceOrientationLandscapeRight";
				INFOPLIST_KEY_UISupportedInterfaceOrientations_iPhone = "UIInterfaceOrientationPortrait UIInterfaceOrientationLandscapeLeft UIInterfaceOrientationLandscapeRight";
				LD_RUNPATH_SEARCH_PATHS = (
					"$(inherited)",
					"@executable_path/Frameworks",
				);
				MARKETING_VERSION = 1.0;
				PRODUCT_BUNDLE_IDENTIFIER = com.natalyaZherlova.ConjuGatoTestProject;
				PRODUCT_NAME = "$(TARGET_NAME)";
				SWIFT_EMIT_LOC_STRINGS = YES;
				SWIFT_VERSION = 5.0;
				TARGETED_DEVICE_FAMILY = "1,2";
			};
			name = Release;
		};
		85ABEFC92DF052BA00589C0D /* Debug */ = {
			isa = XCBuildConfiguration;
			buildSettings = {
				BUNDLE_LOADER = "$(TEST_HOST)";
				CODE_SIGN_STYLE = Automatic;
				CURRENT_PROJECT_VERSION = 1;
				DEVELOPMENT_TEAM = R26H39877H;
				GENERATE_INFOPLIST_FILE = YES;
				IPHONEOS_DEPLOYMENT_TARGET = 18.5;
				MARKETING_VERSION = 1.0;
				PRODUCT_BUNDLE_IDENTIFIER = com.natalyaZherlova.ConjuGatoTestProjectTests;
				PRODUCT_NAME = "$(TARGET_NAME)";
				SWIFT_EMIT_LOC_STRINGS = NO;
				SWIFT_VERSION = 5.0;
				TARGETED_DEVICE_FAMILY = "1,2";
				TEST_HOST = "$(BUILT_PRODUCTS_DIR)/ConjuGatoTestProject.app/$(BUNDLE_EXECUTABLE_FOLDER_PATH)/ConjuGatoTestProject";
			};
			name = Debug;
		};
		85ABEFCA2DF052BA00589C0D /* Release */ = {
			isa = XCBuildConfiguration;
			buildSettings = {
				BUNDLE_LOADER = "$(TEST_HOST)";
				CODE_SIGN_STYLE = Automatic;
				CURRENT_PROJECT_VERSION = 1;
				DEVELOPMENT_TEAM = R26H39877H;
				GENERATE_INFOPLIST_FILE = YES;
				IPHONEOS_DEPLOYMENT_TARGET = 18.5;
				MARKETING_VERSION = 1.0;
				PRODUCT_BUNDLE_IDENTIFIER = com.natalyaZherlova.ConjuGatoTestProjectTests;
				PRODUCT_NAME = "$(TARGET_NAME)";
				SWIFT_EMIT_LOC_STRINGS = NO;
				SWIFT_VERSION = 5.0;
				TARGETED_DEVICE_FAMILY = "1,2";
				TEST_HOST = "$(BUILT_PRODUCTS_DIR)/ConjuGatoTestProject.app/$(BUNDLE_EXECUTABLE_FOLDER_PATH)/ConjuGatoTestProject";
			};
			name = Release;
		};
		85ABEFCC2DF052BA00589C0D /* Debug */ = {
			isa = XCBuildConfiguration;
			buildSettings = {
				CODE_SIGN_STYLE = Automatic;
				CURRENT_PROJECT_VERSION = 1;
				DEVELOPMENT_TEAM = R26H39877H;
				GENERATE_INFOPLIST_FILE = YES;
				MARKETING_VERSION = 1.0;
				PRODUCT_BUNDLE_IDENTIFIER = com.natalyaZherlova.ConjuGatoTestProjectUITests;
				PRODUCT_NAME = "$(TARGET_NAME)";
				SWIFT_EMIT_LOC_STRINGS = NO;
				SWIFT_VERSION = 5.0;
				TARGETED_DEVICE_FAMILY = "1,2";
				TEST_TARGET_NAME = ConjuGatoTestProject;
			};
			name = Debug;
		};
		85ABEFCD2DF052BA00589C0D /* Release */ = {
			isa = XCBuildConfiguration;
			buildSettings = {
				CODE_SIGN_STYLE = Automatic;
				CURRENT_PROJECT_VERSION = 1;
				DEVELOPMENT_TEAM = R26H39877H;
				GENERATE_INFOPLIST_FILE = YES;
				MARKETING_VERSION = 1.0;
				PRODUCT_BUNDLE_IDENTIFIER = com.natalyaZherlova.ConjuGatoTestProjectUITests;
				PRODUCT_NAME = "$(TARGET_NAME)";
				SWIFT_EMIT_LOC_STRINGS = NO;
				SWIFT_VERSION = 5.0;
				TARGETED_DEVICE_FAMILY = "1,2";
				TEST_TARGET_NAME = ConjuGatoTestProject;
			};
			name = Release;
		};
/* End XCBuildConfiguration section */

/* Begin XCConfigurationList section */
		85ABEF9F2DF052B600589C0D /* Build configuration list for PBXProject "ConjuGatoTestProject" */ = {
			isa = XCConfigurationList;
			buildConfigurations = (
				85ABEFC32DF052BA00589C0D /* Debug */,
				85ABEFC42DF052BA00589C0D /* Release */,
			);
			defaultConfigurationIsVisible = 0;
			defaultConfigurationName = Release;
		};
		85ABEFC52DF052BA00589C0D /* Build configuration list for PBXNativeTarget "ConjuGatoTestProject" */ = {
			isa = XCConfigurationList;
			buildConfigurations = (
				85ABEFC62DF052BA00589C0D /* Debug */,
				85ABEFC72DF052BA00589C0D /* Release */,
			);
			defaultConfigurationIsVisible = 0;
			defaultConfigurationName = Release;
		};
		85ABEFC82DF052BA00589C0D /* Build configuration list for PBXNativeTarget "ConjuGatoTestProjectTests" */ = {
			isa = XCConfigurationList;
			buildConfigurations = (
				85ABEFC92DF052BA00589C0D /* Debug */,
				85ABEFCA2DF052BA00589C0D /* Release */,
			);
			defaultConfigurationIsVisible = 0;
			defaultConfigurationName = Release;
		};
		85ABEFCB2DF052BA00589C0D /* Build configuration list for PBXNativeTarget "ConjuGatoTestProjectUITests" */ = {
			isa = XCConfigurationList;
			buildConfigurations = (
				85ABEFCC2DF052BA00589C0D /* Debug */,
				85ABEFCD2DF052BA00589C0D /* Release */,
			);
			defaultConfigurationIsVisible = 0;
			defaultConfigurationName = Release;
		};
/* End XCConfigurationList section */
	};
	rootObject = 85ABEF9C2DF052B600589C0D /* Project object */;
}
